
Microsoft Visual Studio Solution File, Format Version 12.00
# Visual Studio Version 17
VisualStudioVersion = 17.5.33530.505
MinimumVisualStudioVersion = 10.0.40219.1
Project("{FAE04EC0-301F-11D3-BF4B-00C04F79EFBC}") = "API", "API\API.csproj", "{0941EAD5-C96C-443C-BCDF-D86902A79627}"
EndProject
Global
	GlobalSection(SolutionConfigurationPlatforms) = preSolution
		Debug|Any CPU = Debug|Any CPU
		Release|Any CPU = Release|Any CPU
	EndGlobalSection
	GlobalSection(ProjectConfigurationPlatforms) = postSolution
		{0941EAD5-C96C-443C-BCDF-D86902A79627}.Debug|Any CPU.ActiveCfg = Debug|Any CPU
		{0941EAD5-C96C-443C-BCDF-D86902A79627}.Debug|Any CPU.Build.0 = Debug|Any CPU
		{0941EAD5-C96C-443C-BCDF-D86902A79627}.Release|Any CPU.ActiveCfg = Release|Any CPU
		{0941EAD5-C96C-443C-BCDF-D86902A79627}.Release|Any CPU.Build.0 = Release|Any CPU
	EndGlobalSection
	GlobalSection(SolutionProperties) = preSolution
		HideSolutionNode = FALSE
	EndGlobalSection
	GlobalSection(ExtensibilityGlobals) = postSolution
		SolutionGuid = {5F9284E6-B615-4028-8E1E-AB208FD15F91}
	EndGlobalSection
EndGlobal
